
Microsoft Visual Studio Solution File, Format Version 12.00
# Visual Studio Version 17
VisualStudioVersion = 17.12.35521.163
MinimumVisualStudioVersion = 10.0.40219.1
Project("{FAE04EC0-301F-11D3-BF4B-00C04F79EFBC}") = "Day01", "Day01\Day01.csproj", "{31E49AC7-3013-4B5F-BC47-0724BD3D0A36}"
EndProject
Project("{FAE04EC0-301F-11D3-BF4B-00C04F79EFBC}") = "Day02", "Day02\Day02.csproj", "{BE8FA62E-8B45-4A43-A942-DD96B6257EC6}"
EndProject
Project("{FAE04EC0-301F-11D3-BF4B-00C04F79EFBC}") = "Day03", "Day03\Day03.csproj", "{4FF8CE9A-B9B0-46B8-BB0D-474E46C128B5}"
EndProject
Project("{FAE04EC0-301F-11D3-BF4B-00C04F79EFBC}") = "Day04", "Day04\Day04.csproj", "{4F5F2914-523C-4EBB-B3A0-B5C7D2DF23A7}"
EndProject
Project("{FAE04EC0-301F-11D3-BF4B-00C04F79EFBC}") = "Day05", "Day05\Day05.csproj", "{FCF66A0E-F216-4099-8525-90724C508178}"
EndProject
Project("{FAE04EC0-301F-11D3-BF4B-00C04F79EFBC}") = "Day06", "Day06\Day06.csproj", "{79B93733-BEC1-410A-81A9-D68C1A07734A}"
EndProject
Project("{FAE04EC0-301F-11D3-BF4B-00C04F79EFBC}") = "Day07", "Day07\Day07.csproj", "{37650C80-CAC8-4FC7-83B8-20ABDE991D15}"
EndProject
Project("{FAE04EC0-301F-11D3-BF4B-00C04F79EFBC}") = "Day08", "Day08\Day08.csproj", "{1B8A5E33-DD58-4B87-85DE-AB8E68FA2FCC}"
EndProject
Project("{FAE04EC0-301F-11D3-BF4B-00C04F79EFBC}") = "Day09", "Day09\Day09.csproj", "{B48E0B9F-8464-4758-ADE7-6E4C4B97F5E0}"
EndProject
Project("{FAE04EC0-301F-11D3-BF4B-00C04F79EFBC}") = "Day10", "Day10\Day10.csproj", "{EBB1171C-2F8F-44A2-A634-7BBCA8048BAF}"
EndProject
Project("{FAE04EC0-301F-11D3-BF4B-00C04F79EFBC}") = "Day11", "Day11\Day11.csproj", "{B8D9FABB-03DA-464D-8C31-8F9D4CD5616B}"
EndProject
Project("{FAE04EC0-301F-11D3-BF4B-00C04F79EFBC}") = "Day12", "Day12\Day12.csproj", "{268CCDB8-2A2E-44D4-9421-C8D4957FAA74}"
EndProject
Project("{FAE04EC0-301F-11D3-BF4B-00C04F79EFBC}") = "Day13", "Day13\Day13.csproj", "{26299E06-D1DE-4D3E-8B93-9C14FE182A66}"
EndProject
Project("{FAE04EC0-301F-11D3-BF4B-00C04F79EFBC}") = "Day14", "Day14\Day14.csproj", "{F93E6311-B2FB-4772-9116-1FA0ACCA8DF5}"
EndProject
Project("{FAE04EC0-301F-11D3-BF4B-00C04F79EFBC}") = "Day15", "Day15\Day15.csproj", "{01633A16-0AFF-4050-9158-36D17439547C}"
EndProject
Global
	GlobalSection(SolutionConfigurationPlatforms) = preSolution
		Debug|Any CPU = Debug|Any CPU
		Release|Any CPU = Release|Any CPU
	EndGlobalSection
	GlobalSection(ProjectConfigurationPlatforms) = postSolution
		{31E49AC7-3013-4B5F-BC47-0724BD3D0A36}.Debug|Any CPU.ActiveCfg = Debug|Any CPU
		{31E49AC7-3013-4B5F-BC47-0724BD3D0A36}.Debug|Any CPU.Build.0 = Debug|Any CPU
		{31E49AC7-3013-4B5F-BC47-0724BD3D0A36}.Release|Any CPU.ActiveCfg = Release|Any CPU
		{31E49AC7-3013-4B5F-BC47-0724BD3D0A36}.Release|Any CPU.Build.0 = Release|Any CPU
		{BE8FA62E-8B45-4A43-A942-DD96B6257EC6}.Debug|Any CPU.ActiveCfg = Debug|Any CPU
		{BE8FA62E-8B45-4A43-A942-DD96B6257EC6}.Debug|Any CPU.Build.0 = Debug|Any CPU
		{BE8FA62E-8B45-4A43-A942-DD96B6257EC6}.Release|Any CPU.ActiveCfg = Release|Any CPU
		{BE8FA62E-8B45-4A43-A942-DD96B6257EC6}.Release|Any CPU.Build.0 = Release|Any CPU
		{4FF8CE9A-B9B0-46B8-BB0D-474E46C128B5}.Debug|Any CPU.ActiveCfg = Debug|Any CPU
		{4FF8CE9A-B9B0-46B8-BB0D-474E46C128B5}.Debug|Any CPU.Build.0 = Debug|Any CPU
		{4FF8CE9A-B9B0-46B8-BB0D-474E46C128B5}.Release|Any CPU.ActiveCfg = Release|Any CPU
		{4FF8CE9A-B9B0-46B8-BB0D-474E46C128B5}.Release|Any CPU.Build.0 = Release|Any CPU
		{4F5F2914-523C-4EBB-B3A0-B5C7D2DF23A7}.Debug|Any CPU.ActiveCfg = Debug|Any CPU
		{4F5F2914-523C-4EBB-B3A0-B5C7D2DF23A7}.Debug|Any CPU.Build.0 = Debug|Any CPU
		{4F5F2914-523C-4EBB-B3A0-B5C7D2DF23A7}.Release|Any CPU.ActiveCfg = Release|Any CPU
		{4F5F2914-523C-4EBB-B3A0-B5C7D2DF23A7}.Release|Any CPU.Build.0 = Release|Any CPU
		{FCF66A0E-F216-4099-8525-90724C508178}.Debug|Any CPU.ActiveCfg = Debug|Any CPU
		{FCF66A0E-F216-4099-8525-90724C508178}.Debug|Any CPU.Build.0 = Debug|Any CPU
		{FCF66A0E-F216-4099-8525-90724C508178}.Release|Any CPU.ActiveCfg = Release|Any CPU
		{FCF66A0E-F216-4099-8525-90724C508178}.Release|Any CPU.Build.0 = Release|Any CPU
		{79B93733-BEC1-410A-81A9-D68C1A07734A}.Debug|Any CPU.ActiveCfg = Debug|Any CPU
		{79B93733-BEC1-410A-81A9-D68C1A07734A}.Debug|Any CPU.Build.0 = Debug|Any CPU
		{79B93733-BEC1-410A-81A9-D68C1A07734A}.Release|Any CPU.ActiveCfg = Release|Any CPU
		{79B93733-BEC1-410A-81A9-D68C1A07734A}.Release|Any CPU.Build.0 = Release|Any CPU
		{37650C80-CAC8-4FC7-83B8-20ABDE991D15}.Debug|Any CPU.ActiveCfg = Debug|Any CPU
		{37650C80-CAC8-4FC7-83B8-20ABDE991D15}.Debug|Any CPU.Build.0 = Debug|Any CPU
		{37650C80-CAC8-4FC7-83B8-20ABDE991D15}.Release|Any CPU.ActiveCfg = Release|Any CPU
		{37650C80-CAC8-4FC7-83B8-20ABDE991D15}.Release|Any CPU.Build.0 = Release|Any CPU
		{1B8A5E33-DD58-4B87-85DE-AB8E68FA2FCC}.Debug|Any CPU.ActiveCfg = Debug|Any CPU
		{1B8A5E33-DD58-4B87-85DE-AB8E68FA2FCC}.Debug|Any CPU.Build.0 = Debug|Any CPU
		{1B8A5E33-DD58-4B87-85DE-AB8E68FA2FCC}.Release|Any CPU.ActiveCfg = Release|Any CPU
		{1B8A5E33-DD58-4B87-85DE-AB8E68FA2FCC}.Release|Any CPU.Build.0 = Release|Any CPU
		{B48E0B9F-8464-4758-ADE7-6E4C4B97F5E0}.Debug|Any CPU.ActiveCfg = Debug|Any CPU
		{B48E0B9F-8464-4758-ADE7-6E4C4B97F5E0}.Debug|Any CPU.Build.0 = Debug|Any CPU
		{B48E0B9F-8464-4758-ADE7-6E4C4B97F5E0}.Release|Any CPU.ActiveCfg = Release|Any CPU
		{B48E0B9F-8464-4758-ADE7-6E4C4B97F5E0}.Release|Any CPU.Build.0 = Release|Any CPU
		{EBB1171C-2F8F-44A2-A634-7BBCA8048BAF}.Debug|Any CPU.ActiveCfg = Debug|Any CPU
		{EBB1171C-2F8F-44A2-A634-7BBCA8048BAF}.Debug|Any CPU.Build.0 = Debug|Any CPU
		{EBB1171C-2F8F-44A2-A634-7BBCA8048BAF}.Release|Any CPU.ActiveCfg = Release|Any CPU
		{EBB1171C-2F8F-44A2-A634-7BBCA8048BAF}.Release|Any CPU.Build.0 = Release|Any CPU
	EndGlobalSection
	GlobalSection(SolutionProperties) = preSolution
		HideSolutionNode = FALSE
	EndGlobalSection
EndGlobal
